
Microsoft Visual Studio Solution File, Format Version 12.00
# Visual Studio 15
VisualStudioVersion = 15.0.28010.2046
MinimumVisualStudioVersion = 10.0.40219.1
Project("{F184B08F-C81C-45F6-A57F-5ABD9991F28F}") = "PokecordHelper", "PokecordHelper\PokecordHelper.vbproj", "{DCF12D32-A85F-4884-B960-48F786A28854}"
EndProject
Global
	GlobalSection(SolutionConfigurationPlatforms) = preSolution
		Debug|Any CPU = Debug|Any CPU
		Release|Any CPU = Release|Any CPU
	EndGlobalSection
	GlobalSection(ProjectConfigurationPlatforms) = postSolution
		{DCF12D32-A85F-4884-B960-48F786A28854}.Debug|Any CPU.ActiveCfg = Debug|Any CPU
		{DCF12D32-A85F-4884-B960-48F786A28854}.Debug|Any CPU.Build.0 = Debug|Any CPU
		{DCF12D32-A85F-4884-B960-48F786A28854}.Release|Any CPU.ActiveCfg = Release|Any CPU
		{DCF12D32-A85F-4884-B960-48F786A28854}.Release|Any CPU.Build.0 = Release|Any CPU
	EndGlobalSection
	GlobalSection(SolutionProperties) = preSolution
		HideSolutionNode = FALSE
	EndGlobalSection
	GlobalSection(ExtensibilityGlobals) = postSolution
		SolutionGuid = {6C9851BE-7DFA-4AA1-8161-7BE2A819583E}
	EndGlobalSection
EndGlobal
